Microsoft Visual Studio Solution File, Format Version 12.00
# Visual Studio 14
Project("{2150E333-8FDC-42A3-9474-1A3956D46DE8}") = "CMakePredefinedTargets", "CMakePredefinedTargets", "{464F2789-BA52-3966-9065-1E3DD3B6F58F}"
EndProject
Project("{2150E333-8FDC-42A3-9474-1A3956D46DE8}") = "app", "app", "{240B81E8-F821-3AB6-B35C-78DD6ECD45D7}"
EndProject
Project("{2150E333-8FDC-42A3-9474-1A3956D46DE8}") = "lib", "lib", "{86B84A9D-C5B4-32EC-AFE6-7C4E1F06A848}"
EndProject
Project("{2150E333-8FDC-42A3-9474-1A3956D46DE8}") = "svn", "svn", "{45785D61-A748-3680-A900-4CEAA5443FC0}"
EndProject
Project("{8BC9CEB8-8B4A-11D0-8D11-00A0C91BC942}") = "ALL_BUILD", "ALL_BUILD.vcxproj", "{76BEC0F8-101D-39F0-A03F-E7A6CECD0579}"
	ProjectSection(ProjectDependencies) = postProject
		{403FB957-74C5-3430-93BC-5A7521C11B59} = {403FB957-74C5-3430-93BC-5A7521C11B59}
		{16B117EB-46A5-3895-BF5F-DE507EFE6C38} = {16B117EB-46A5-3895-BF5F-DE507EFE6C38}
		{F3F8A83D-CE87-3863-8186-71AB3FB271CE} = {F3F8A83D-CE87-3863-8186-71AB3FB271CE}
		{AA7EB2B6-FF3C-3ED9-BE96-441687336805} = {AA7EB2B6-FF3C-3ED9-BE96-441687336805}
		{7C7E64DE-8356-374A-94F7-DDB2B372FE84} = {7C7E64DE-8356-374A-94F7-DDB2B372FE84}
		{185783F7-8826-346F-BCF3-7778979D5FB3} = {185783F7-8826-346F-BCF3-7778979D5FB3}
		{EB9C398E-3377-3827-9887-992334B53AF4} = {EB9C398E-3377-3827-9887-992334B53AF4}
		{C1DDD7DB-42FA-3EC6-A0D4-063A84482B48} = {C1DDD7DB-42FA-3EC6-A0D4-063A84482B48}
		{82D1D029-DC4A-35B9-841F-396210E88AAC} = {82D1D029-DC4A-35B9-841F-396210E88AAC}
		{2E9B3384-F5FF-3D15-AACA-EC40FB476558} = {2E9B3384-F5FF-3D15-AACA-EC40FB476558}
		{49430AAE-6A49-3ADA-B585-3BB320A099D8} = {49430AAE-6A49-3ADA-B585-3BB320A099D8}
		{03A28867-974A-305C-9A27-DE526866005F} = {03A28867-974A-305C-9A27-DE526866005F}
		{EF0943A9-F97C-37EC-904F-554DAAB35C04} = {EF0943A9-F97C-37EC-904F-554DAAB35C04}
		{6AFF1495-6323-3137-AFE0-28A15EC2E321} = {6AFF1495-6323-3137-AFE0-28A15EC2E321}
		{50D6BB28-B9F0-32C9-AFA0-BBFA8EAF629A} = {50D6BB28-B9F0-32C9-AFA0-BBFA8EAF629A}
	EndProjectSection
EndProject
Project("{8BC9CEB8-8B4A-11D0-8D11-00A0C91BC942}") = "CommonLib", "source\Lib\CommonLib\CommonLib.vcxproj", "{403FB957-74C5-3430-93BC-5A7521C11B59}"
	ProjectSection(ProjectDependencies) = postProject
		{6AFF1495-6323-3137-AFE0-28A15EC2E321} = {6AFF1495-6323-3137-AFE0-28A15EC2E321}
	EndProjectSection
EndProject
Project("{8BC9CEB8-8B4A-11D0-8D11-00A0C91BC942}") = "DecAnalyserSvnHeader", "source\App\DecoderAnalyserApp\DecAnalyserSvnHeader.vcxproj", "{16B117EB-46A5-3895-BF5F-DE507EFE6C38}"
	ProjectSection(ProjectDependencies) = postProject
		{6AFF1495-6323-3137-AFE0-28A15EC2E321} = {6AFF1495-6323-3137-AFE0-28A15EC2E321}
	EndProjectSection
EndProject
Project("{8BC9CEB8-8B4A-11D0-8D11-00A0C91BC942}") = "DecSvnHeader", "source\App\DecoderApp\DecSvnHeader.vcxproj", "{F3F8A83D-CE87-3863-8186-71AB3FB271CE}"
	ProjectSection(ProjectDependencies) = postProject
		{6AFF1495-6323-3137-AFE0-28A15EC2E321} = {6AFF1495-6323-3137-AFE0-28A15EC2E321}
	EndProjectSection
EndProject
Project("{8BC9CEB8-8B4A-11D0-8D11-00A0C91BC942}") = "DecoderAnalyserApp", "source\App\DecoderAnalyserApp\DecoderAnalyserApp.vcxproj", "{AA7EB2B6-FF3C-3ED9-BE96-441687336805}"
	ProjectSection(ProjectDependencies) = postProject
		{403FB957-74C5-3430-93BC-5A7521C11B59} = {403FB957-74C5-3430-93BC-5A7521C11B59}
		{16B117EB-46A5-3895-BF5F-DE507EFE6C38} = {16B117EB-46A5-3895-BF5F-DE507EFE6C38}
		{7C7E64DE-8356-374A-94F7-DDB2B372FE84} = {7C7E64DE-8356-374A-94F7-DDB2B372FE84}
		{EF0943A9-F97C-37EC-904F-554DAAB35C04} = {EF0943A9-F97C-37EC-904F-554DAAB35C04}
		{6AFF1495-6323-3137-AFE0-28A15EC2E321} = {6AFF1495-6323-3137-AFE0-28A15EC2E321}
	EndProjectSection
EndProject
Project("{8BC9CEB8-8B4A-11D0-8D11-00A0C91BC942}") = "DecoderAnalyserLib", "source\Lib\DecoderAnalyserLib\DecoderAnalyserLib.vcxproj", "{7C7E64DE-8356-374A-94F7-DDB2B372FE84}"
	ProjectSection(ProjectDependencies) = postProject
		{403FB957-74C5-3430-93BC-5A7521C11B59} = {403FB957-74C5-3430-93BC-5A7521C11B59}
		{6AFF1495-6323-3137-AFE0-28A15EC2E321} = {6AFF1495-6323-3137-AFE0-28A15EC2E321}
	EndProjectSection
EndProject
Project("{8BC9CEB8-8B4A-11D0-8D11-00A0C91BC942}") = "DecoderApp", "source\App\DecoderApp\DecoderApp.vcxproj", "{185783F7-8826-346F-BCF3-7778979D5FB3}"
	ProjectSection(ProjectDependencies) = postProject
		{403FB957-74C5-3430-93BC-5A7521C11B59} = {403FB957-74C5-3430-93BC-5A7521C11B59}
		{F3F8A83D-CE87-3863-8186-71AB3FB271CE} = {F3F8A83D-CE87-3863-8186-71AB3FB271CE}
		{EB9C398E-3377-3827-9887-992334B53AF4} = {EB9C398E-3377-3827-9887-992334B53AF4}
		{EF0943A9-F97C-37EC-904F-554DAAB35C04} = {EF0943A9-F97C-37EC-904F-554DAAB35C04}
		{6AFF1495-6323-3137-AFE0-28A15EC2E321} = {6AFF1495-6323-3137-AFE0-28A15EC2E321}
	EndProjectSection
EndProject
Project("{8BC9CEB8-8B4A-11D0-8D11-00A0C91BC942}") = "DecoderLib", "source\Lib\DecoderLib\DecoderLib.vcxproj", "{EB9C398E-3377-3827-9887-992334B53AF4}"
	ProjectSection(ProjectDependencies) = postProject
		{403FB957-74C5-3430-93BC-5A7521C11B59} = {403FB957-74C5-3430-93BC-5A7521C11B59}
		{6AFF1495-6323-3137-AFE0-28A15EC2E321} = {6AFF1495-6323-3137-AFE0-28A15EC2E321}
	EndProjectSection
EndProject
Project("{8BC9CEB8-8B4A-11D0-8D11-00A0C91BC942}") = "EncSvnHeader", "source\App\EncoderApp\EncSvnHeader.vcxproj", "{C1DDD7DB-42FA-3EC6-A0D4-063A84482B48}"
	ProjectSection(ProjectDependencies) = postProject
		{6AFF1495-6323-3137-AFE0-28A15EC2E321} = {6AFF1495-6323-3137-AFE0-28A15EC2E321}
	EndProjectSection
EndProject
Project("{8BC9CEB8-8B4A-11D0-8D11-00A0C91BC942}") = "EncoderApp", "source\App\EncoderApp\EncoderApp.vcxproj", "{82D1D029-DC4A-35B9-841F-396210E88AAC}"
	ProjectSection(ProjectDependencies) = postProject
		{403FB957-74C5-3430-93BC-5A7521C11B59} = {403FB957-74C5-3430-93BC-5A7521C11B59}
		{EB9C398E-3377-3827-9887-992334B53AF4} = {EB9C398E-3377-3827-9887-992334B53AF4}
		{C1DDD7DB-42FA-3EC6-A0D4-063A84482B48} = {C1DDD7DB-42FA-3EC6-A0D4-063A84482B48}
		{2E9B3384-F5FF-3D15-AACA-EC40FB476558} = {2E9B3384-F5FF-3D15-AACA-EC40FB476558}
		{EF0943A9-F97C-37EC-904F-554DAAB35C04} = {EF0943A9-F97C-37EC-904F-554DAAB35C04}
		{6AFF1495-6323-3137-AFE0-28A15EC2E321} = {6AFF1495-6323-3137-AFE0-28A15EC2E321}
	EndProjectSection
EndProject
Project("{8BC9CEB8-8B4A-11D0-8D11-00A0C91BC942}") = "EncoderLib", "source\Lib\EncoderLib\EncoderLib.vcxproj", "{2E9B3384-F5FF-3D15-AACA-EC40FB476558}"
	ProjectSection(ProjectDependencies) = postProject
		{403FB957-74C5-3430-93BC-5A7521C11B59} = {403FB957-74C5-3430-93BC-5A7521C11B59}
		{6AFF1495-6323-3137-AFE0-28A15EC2E321} = {6AFF1495-6323-3137-AFE0-28A15EC2E321}
	EndProjectSection
EndProject
Project("{8BC9CEB8-8B4A-11D0-8D11-00A0C91BC942}") = "SEIRemovalApp", "source\App\SEIRemovalApp\SEIRemovalApp.vcxproj", "{49430AAE-6A49-3ADA-B585-3BB320A099D8}"
	ProjectSection(ProjectDependencies) = postProject
		{403FB957-74C5-3430-93BC-5A7521C11B59} = {403FB957-74C5-3430-93BC-5A7521C11B59}
		{EB9C398E-3377-3827-9887-992334B53AF4} = {EB9C398E-3377-3827-9887-992334B53AF4}
		{03A28867-974A-305C-9A27-DE526866005F} = {03A28867-974A-305C-9A27-DE526866005F}
		{EF0943A9-F97C-37EC-904F-554DAAB35C04} = {EF0943A9-F97C-37EC-904F-554DAAB35C04}
		{6AFF1495-6323-3137-AFE0-28A15EC2E321} = {6AFF1495-6323-3137-AFE0-28A15EC2E321}
	EndProjectSection
EndProject
Project("{8BC9CEB8-8B4A-11D0-8D11-00A0C91BC942}") = "SeiRemovalSvnHeader", "source\App\SEIRemovalApp\SeiRemovalSvnHeader.vcxproj", "{03A28867-974A-305C-9A27-DE526866005F}"
	ProjectSection(ProjectDependencies) = postProject
		{6AFF1495-6323-3137-AFE0-28A15EC2E321} = {6AFF1495-6323-3137-AFE0-28A15EC2E321}
	EndProjectSection
EndProject
Project("{8BC9CEB8-8B4A-11D0-8D11-00A0C91BC942}") = "Utilities", "source\Lib\Utilities\Utilities.vcxproj", "{EF0943A9-F97C-37EC-904F-554DAAB35C04}"
	ProjectSection(ProjectDependencies) = postProject
		{6AFF1495-6323-3137-AFE0-28A15EC2E321} = {6AFF1495-6323-3137-AFE0-28A15EC2E321}
	EndProjectSection
EndProject
Project("{8BC9CEB8-8B4A-11D0-8D11-00A0C91BC942}") = "ZERO_CHECK", "ZERO_CHECK.vcxproj", "{6AFF1495-6323-3137-AFE0-28A15EC2E321}"
	ProjectSection(ProjectDependencies) = postProject
	EndProjectSection
EndProject
Project("{8BC9CEB8-8B4A-11D0-8D11-00A0C91BC942}") = "parcat", "source\App\Parcat\parcat.vcxproj", "{50D6BB28-B9F0-32C9-AFA0-BBFA8EAF629A}"
	ProjectSection(ProjectDependencies) = postProject
		{6AFF1495-6323-3137-AFE0-28A15EC2E321} = {6AFF1495-6323-3137-AFE0-28A15EC2E321}
	EndProjectSection
EndProject
Global
	GlobalSection(SolutionConfigurationPlatforms) = preSolution
		Debug|x64 = Debug|x64
		Release|x64 = Release|x64
		MinSizeRel|x64 = MinSizeRel|x64
		RelWithDebInfo|x64 = RelWithDebInfo|x64
	EndGlobalSection
	GlobalSection(ProjectConfigurationPlatforms) = postSolution
		{76BEC0F8-101D-39F0-A03F-E7A6CECD0579}.Debug|x64.ActiveCfg = Debug|x64
		{76BEC0F8-101D-39F0-A03F-E7A6CECD0579}.Release|x64.ActiveCfg = Release|x64
		{76BEC0F8-101D-39F0-A03F-E7A6CECD0579}.MinSizeRel|x64.ActiveCfg = MinSizeRel|x64
		{76BEC0F8-101D-39F0-A03F-E7A6CECD0579}.RelWithDebInfo|x64.ActiveCfg = RelWithDebInfo|x64
		{403FB957-74C5-3430-93BC-5A7521C11B59}.Debug|x64.ActiveCfg = Debug|x64
		{403FB957-74C5-3430-93BC-5A7521C11B59}.Debug|x64.Build.0 = Debug|x64
		{403FB957-74C5-3430-93BC-5A7521C11B59}.Release|x64.ActiveCfg = Release|x64
		{403FB957-74C5-3430-93BC-5A7521C11B59}.Release|x64.Build.0 = Release|x64
		{403FB957-74C5-3430-93BC-5A7521C11B59}.MinSizeRel|x64.ActiveCfg = MinSizeRel|x64
		{403FB957-74C5-3430-93BC-5A7521C11B59}.MinSizeRel|x64.Build.0 = MinSizeRel|x64
		{403FB957-74C5-3430-93BC-5A7521C11B59}.RelWithDebInfo|x64.ActiveCfg = RelWithDebInfo|x64
		{403FB957-74C5-3430-93BC-5A7521C11B59}.RelWithDebInfo|x64.Build.0 = RelWithDebInfo|x64
		{16B117EB-46A5-3895-BF5F-DE507EFE6C38}.Debug|x64.ActiveCfg = Debug|x64
		{16B117EB-46A5-3895-BF5F-DE507EFE6C38}.Debug|x64.Build.0 = Debug|x64
		{16B117EB-46A5-3895-BF5F-DE507EFE6C38}.Release|x64.ActiveCfg = Release|x64
		{16B117EB-46A5-3895-BF5F-DE507EFE6C38}.Release|x64.Build.0 = Release|x64
		{16B117EB-46A5-3895-BF5F-DE507EFE6C38}.MinSizeRel|x64.ActiveCfg = MinSizeRel|x64
		{16B117EB-46A5-3895-BF5F-DE507EFE6C38}.MinSizeRel|x64.Build.0 = MinSizeRel|x64
		{16B117EB-46A5-3895-BF5F-DE507EFE6C38}.RelWithDebInfo|x64.ActiveCfg = RelWithDebInfo|x64
		{16B117EB-46A5-3895-BF5F-DE507EFE6C38}.RelWithDebInfo|x64.Build.0 = RelWithDebInfo|x64
		{F3F8A83D-CE87-3863-8186-71AB3FB271CE}.Debug|x64.ActiveCfg = Debug|x64
		{F3F8A83D-CE87-3863-8186-71AB3FB271CE}.Debug|x64.Build.0 = Debug|x64
		{F3F8A83D-CE87-3863-8186-71AB3FB271CE}.Release|x64.ActiveCfg = Release|x64
		{F3F8A83D-CE87-3863-8186-71AB3FB271CE}.Release|x64.Build.0 = Release|x64
		{F3F8A83D-CE87-3863-8186-71AB3FB271CE}.MinSizeRel|x64.ActiveCfg = MinSizeRel|x64
		{F3F8A83D-CE87-3863-8186-71AB3FB271CE}.MinSizeRel|x64.Build.0 = MinSizeRel|x64
		{F3F8A83D-CE87-3863-8186-71AB3FB271CE}.RelWithDebInfo|x64.ActiveCfg = RelWithDebInfo|x64
		{F3F8A83D-CE87-3863-8186-71AB3FB271CE}.RelWithDebInfo|x64.Build.0 = RelWithDebInfo|x64
		{AA7EB2B6-FF3C-3ED9-BE96-441687336805}.Debug|x64.ActiveCfg = Debug|x64
		{AA7EB2B6-FF3C-3ED9-BE96-441687336805}.Debug|x64.Build.0 = Debug|x64
		{AA7EB2B6-FF3C-3ED9-BE96-441687336805}.Release|x64.ActiveCfg = Release|x64
		{AA7EB2B6-FF3C-3ED9-BE96-441687336805}.Release|x64.Build.0 = Release|x64
		{AA7EB2B6-FF3C-3ED9-BE96-441687336805}.MinSizeRel|x64.ActiveCfg = MinSizeRel|x64
		{AA7EB2B6-FF3C-3ED9-BE96-441687336805}.MinSizeRel|x64.Build.0 = MinSizeRel|x64
		{AA7EB2B6-FF3C-3ED9-BE96-441687336805}.RelWithDebInfo|x64.ActiveCfg = RelWithDebInfo|x64
		{AA7EB2B6-FF3C-3ED9-BE96-441687336805}.RelWithDebInfo|x64.Build.0 = RelWithDebInfo|x64
		{7C7E64DE-8356-374A-94F7-DDB2B372FE84}.Debug|x64.ActiveCfg = Debug|x64
		{7C7E64DE-8356-374A-94F7-DDB2B372FE84}.Debug|x64.Build.0 = Debug|x64
		{7C7E64DE-8356-374A-94F7-DDB2B372FE84}.Release|x64.ActiveCfg = Release|x64
		{7C7E64DE-8356-374A-94F7-DDB2B372FE84}.Release|x64.Build.0 = Release|x64
		{7C7E64DE-8356-374A-94F7-DDB2B372FE84}.MinSizeRel|x64.ActiveCfg = MinSizeRel|x64
		{7C7E64DE-8356-374A-94F7-DDB2B372FE84}.MinSizeRel|x64.Build.0 = MinSizeRel|x64
		{7C7E64DE-8356-374A-94F7-DDB2B372FE84}.RelWithDebInfo|x64.ActiveCfg = RelWithDebInfo|x64
		{7C7E64DE-8356-374A-94F7-DDB2B372FE84}.RelWithDebInfo|x64.Build.0 = RelWithDebInfo|x64
		{185783F7-8826-346F-BCF3-7778979D5FB3}.Debug|x64.ActiveCfg = Debug|x64
		{185783F7-8826-346F-BCF3-7778979D5FB3}.Debug|x64.Build.0 = Debug|x64
		{185783F7-8826-346F-BCF3-7778979D5FB3}.Release|x64.ActiveCfg = Release|x64
		{185783F7-8826-346F-BCF3-7778979D5FB3}.Release|x64.Build.0 = Release|x64
		{185783F7-8826-346F-BCF3-7778979D5FB3}.MinSizeRel|x64.ActiveCfg = MinSizeRel|x64
		{185783F7-8826-346F-BCF3-7778979D5FB3}.MinSizeRel|x64.Build.0 = MinSizeRel|x64
		{185783F7-8826-346F-BCF3-7778979D5FB3}.RelWithDebInfo|x64.ActiveCfg = RelWithDebInfo|x64
		{185783F7-8826-346F-BCF3-7778979D5FB3}.RelWithDebInfo|x64.Build.0 = RelWithDebInfo|x64
		{EB9C398E-3377-3827-9887-992334B53AF4}.Debug|x64.ActiveCfg = Debug|x64
		{EB9C398E-3377-3827-9887-992334B53AF4}.Debug|x64.Build.0 = Debug|x64
		{EB9C398E-3377-3827-9887-992334B53AF4}.Release|x64.ActiveCfg = Release|x64
		{EB9C398E-3377-3827-9887-992334B53AF4}.Release|x64.Build.0 = Release|x64
		{EB9C398E-3377-3827-9887-992334B53AF4}.MinSizeRel|x64.ActiveCfg = MinSizeRel|x64
		{EB9C398E-3377-3827-9887-992334B53AF4}.MinSizeRel|x64.Build.0 = MinSizeRel|x64
		{EB9C398E-3377-3827-9887-992334B53AF4}.RelWithDebInfo|x64.ActiveCfg = RelWithDebInfo|x64
		{EB9C398E-3377-3827-9887-992334B53AF4}.RelWithDebInfo|x64.Build.0 = RelWithDebInfo|x64
		{C1DDD7DB-42FA-3EC6-A0D4-063A84482B48}.Debug|x64.ActiveCfg = Debug|x64
		{C1DDD7DB-42FA-3EC6-A0D4-063A84482B48}.Debug|x64.Build.0 = Debug|x64
		{C1DDD7DB-42FA-3EC6-A0D4-063A84482B48}.Release|x64.ActiveCfg = Release|x64
		{C1DDD7DB-42FA-3EC6-A0D4-063A84482B48}.Release|x64.Build.0 = Release|x64
		{C1DDD7DB-42FA-3EC6-A0D4-063A84482B48}.MinSizeRel|x64.ActiveCfg = MinSizeRel|x64
		{C1DDD7DB-42FA-3EC6-A0D4-063A84482B48}.MinSizeRel|x64.Build.0 = MinSizeRel|x64
		{C1DDD7DB-42FA-3EC6-A0D4-063A84482B48}.RelWithDebInfo|x64.ActiveCfg = RelWithDebInfo|x64
		{C1DDD7DB-42FA-3EC6-A0D4-063A84482B48}.RelWithDebInfo|x64.Build.0 = RelWithDebInfo|x64
		{82D1D029-DC4A-35B9-841F-396210E88AAC}.Debug|x64.ActiveCfg = Debug|x64
		{82D1D029-DC4A-35B9-841F-396210E88AAC}.Debug|x64.Build.0 = Debug|x64
		{82D1D029-DC4A-35B9-841F-396210E88AAC}.Release|x64.ActiveCfg = Release|x64
		{82D1D029-DC4A-35B9-841F-396210E88AAC}.Release|x64.Build.0 = Release|x64
		{82D1D029-DC4A-35B9-841F-396210E88AAC}.MinSizeRel|x64.ActiveCfg = MinSizeRel|x64
		{82D1D029-DC4A-35B9-841F-396210E88AAC}.MinSizeRel|x64.Build.0 = MinSizeRel|x64
		{82D1D029-DC4A-35B9-841F-396210E88AAC}.RelWithDebInfo|x64.ActiveCfg = RelWithDebInfo|x64
		{82D1D029-DC4A-35B9-841F-396210E88AAC}.RelWithDebInfo|x64.Build.0 = RelWithDebInfo|x64
		{2E9B3384-F5FF-3D15-AACA-EC40FB476558}.Debug|x64.ActiveCfg = Debug|x64
		{2E9B3384-F5FF-3D15-AACA-EC40FB476558}.Debug|x64.Build.0 = Debug|x64
		{2E9B3384-F5FF-3D15-AACA-EC40FB476558}.Release|x64.ActiveCfg = Release|x64
		{2E9B3384-F5FF-3D15-AACA-EC40FB476558}.Release|x64.Build.0 = Release|x64
		{2E9B3384-F5FF-3D15-AACA-EC40FB476558}.MinSizeRel|x64.ActiveCfg = MinSizeRel|x64
		{2E9B3384-F5FF-3D15-AACA-EC40FB476558}.MinSizeRel|x64.Build.0 = MinSizeRel|x64
		{2E9B3384-F5FF-3D15-AACA-EC40FB476558}.RelWithDebInfo|x64.ActiveCfg = RelWithDebInfo|x64
		{2E9B3384-F5FF-3D15-AACA-EC40FB476558}.RelWithDebInfo|x64.Build.0 = RelWithDebInfo|x64
		{49430AAE-6A49-3ADA-B585-3BB320A099D8}.Debug|x64.ActiveCfg = Debug|x64
		{49430AAE-6A49-3ADA-B585-3BB320A099D8}.Debug|x64.Build.0 = Debug|x64
		{49430AAE-6A49-3ADA-B585-3BB320A099D8}.Release|x64.ActiveCfg = Release|x64
		{49430AAE-6A49-3ADA-B585-3BB320A099D8}.Release|x64.Build.0 = Release|x64
		{49430AAE-6A49-3ADA-B585-3BB320A099D8}.MinSizeRel|x64.ActiveCfg = MinSizeRel|x64
		{49430AAE-6A49-3ADA-B585-3BB320A099D8}.MinSizeRel|x64.Build.0 = MinSizeRel|x64
		{49430AAE-6A49-3ADA-B585-3BB320A099D8}.RelWithDebInfo|x64.ActiveCfg = RelWithDebInfo|x64
		{49430AAE-6A49-3ADA-B585-3BB320A099D8}.RelWithDebInfo|x64.Build.0 = RelWithDebInfo|x64
		{03A28867-974A-305C-9A27-DE526866005F}.Debug|x64.ActiveCfg = Debug|x64
		{03A28867-974A-305C-9A27-DE526866005F}.Debug|x64.Build.0 = Debug|x64
		{03A28867-974A-305C-9A27-DE526866005F}.Release|x64.ActiveCfg = Release|x64
		{03A28867-974A-305C-9A27-DE526866005F}.Release|x64.Build.0 = Release|x64
		{03A28867-974A-305C-9A27-DE526866005F}.MinSizeRel|x64.ActiveCfg = MinSizeRel|x64
		{03A28867-974A-305C-9A27-DE526866005F}.MinSizeRel|x64.Build.0 = MinSizeRel|x64
		{03A28867-974A-305C-9A27-DE526866005F}.RelWithDebInfo|x64.ActiveCfg = RelWithDebInfo|x64
		{03A28867-974A-305C-9A27-DE526866005F}.RelWithDebInfo|x64.Build.0 = RelWithDebInfo|x64
		{EF0943A9-F97C-37EC-904F-554DAAB35C04}.Debug|x64.ActiveCfg = Debug|x64
		{EF0943A9-F97C-37EC-904F-554DAAB35C04}.Debug|x64.Build.0 = Debug|x64
		{EF0943A9-F97C-37EC-904F-554DAAB35C04}.Release|x64.ActiveCfg = Release|x64
		{EF0943A9-F97C-37EC-904F-554DAAB35C04}.Release|x64.Build.0 = Release|x64
		{EF0943A9-F97C-37EC-904F-554DAAB35C04}.MinSizeRel|x64.ActiveCfg = MinSizeRel|x64
		{EF0943A9-F97C-37EC-904F-554DAAB35C04}.MinSizeRel|x64.Build.0 = MinSizeRel|x64
		{EF0943A9-F97C-37EC-904F-554DAAB35C04}.RelWithDebInfo|x64.ActiveCfg = RelWithDebInfo|x64
		{EF0943A9-F97C-37EC-904F-554DAAB35C04}.RelWithDebInfo|x64.Build.0 = RelWithDebInfo|x64
		{6AFF1495-6323-3137-AFE0-28A15EC2E321}.Debug|x64.ActiveCfg = Debug|x64
		{6AFF1495-6323-3137-AFE0-28A15EC2E321}.Debug|x64.Build.0 = Debug|x64
		{6AFF1495-6323-3137-AFE0-28A15EC2E321}.Release|x64.ActiveCfg = Release|x64
		{6AFF1495-6323-3137-AFE0-28A15EC2E321}.Release|x64.Build.0 = Release|x64
		{6AFF1495-6323-3137-AFE0-28A15EC2E321}.MinSizeRel|x64.ActiveCfg = MinSizeRel|x64
		{6AFF1495-6323-3137-AFE0-28A15EC2E321}.MinSizeRel|x64.Build.0 = MinSizeRel|x64
		{6AFF1495-6323-3137-AFE0-28A15EC2E321}.RelWithDebInfo|x64.ActiveCfg = RelWithDebInfo|x64
		{6AFF1495-6323-3137-AFE0-28A15EC2E321}.RelWithDebInfo|x64.Build.0 = RelWithDebInfo|x64
		{50D6BB28-B9F0-32C9-AFA0-BBFA8EAF629A}.Debug|x64.ActiveCfg = Debug|x64
		{50D6BB28-B9F0-32C9-AFA0-BBFA8EAF629A}.Debug|x64.Build.0 = Debug|x64
		{50D6BB28-B9F0-32C9-AFA0-BBFA8EAF629A}.Release|x64.ActiveCfg = Release|x64
		{50D6BB28-B9F0-32C9-AFA0-BBFA8EAF629A}.Release|x64.Build.0 = Release|x64
		{50D6BB28-B9F0-32C9-AFA0-BBFA8EAF629A}.MinSizeRel|x64.ActiveCfg = MinSizeRel|x64
		{50D6BB28-B9F0-32C9-AFA0-BBFA8EAF629A}.MinSizeRel|x64.Build.0 = MinSizeRel|x64
		{50D6BB28-B9F0-32C9-AFA0-BBFA8EAF629A}.RelWithDebInfo|x64.ActiveCfg = RelWithDebInfo|x64
		{50D6BB28-B9F0-32C9-AFA0-BBFA8EAF629A}.RelWithDebInfo|x64.Build.0 = RelWithDebInfo|x64
	EndGlobalSection
	GlobalSection(NestedProjects) = preSolution
		{76BEC0F8-101D-39F0-A03F-E7A6CECD0579} = {464F2789-BA52-3966-9065-1E3DD3B6F58F}
		{6AFF1495-6323-3137-AFE0-28A15EC2E321} = {464F2789-BA52-3966-9065-1E3DD3B6F58F}
		{AA7EB2B6-FF3C-3ED9-BE96-441687336805} = {240B81E8-F821-3AB6-B35C-78DD6ECD45D7}
		{185783F7-8826-346F-BCF3-7778979D5FB3} = {240B81E8-F821-3AB6-B35C-78DD6ECD45D7}
		{82D1D029-DC4A-35B9-841F-396210E88AAC} = {240B81E8-F821-3AB6-B35C-78DD6ECD45D7}
		{49430AAE-6A49-3ADA-B585-3BB320A099D8} = {240B81E8-F821-3AB6-B35C-78DD6ECD45D7}
		{50D6BB28-B9F0-32C9-AFA0-BBFA8EAF629A} = {240B81E8-F821-3AB6-B35C-78DD6ECD45D7}
		{403FB957-74C5-3430-93BC-5A7521C11B59} = {86B84A9D-C5B4-32EC-AFE6-7C4E1F06A848}
		{7C7E64DE-8356-374A-94F7-DDB2B372FE84} = {86B84A9D-C5B4-32EC-AFE6-7C4E1F06A848}
		{EB9C398E-3377-3827-9887-992334B53AF4} = {86B84A9D-C5B4-32EC-AFE6-7C4E1F06A848}
		{2E9B3384-F5FF-3D15-AACA-EC40FB476558} = {86B84A9D-C5B4-32EC-AFE6-7C4E1F06A848}
		{EF0943A9-F97C-37EC-904F-554DAAB35C04} = {86B84A9D-C5B4-32EC-AFE6-7C4E1F06A848}
		{16B117EB-46A5-3895-BF5F-DE507EFE6C38} = {45785D61-A748-3680-A900-4CEAA5443FC0}
		{F3F8A83D-CE87-3863-8186-71AB3FB271CE} = {45785D61-A748-3680-A900-4CEAA5443FC0}
		{C1DDD7DB-42FA-3EC6-A0D4-063A84482B48} = {45785D61-A748-3680-A900-4CEAA5443FC0}
		{03A28867-974A-305C-9A27-DE526866005F} = {45785D61-A748-3680-A900-4CEAA5443FC0}
	EndGlobalSection
	GlobalSection(ExtensibilityGlobals) = postSolution
		SolutionGuid = {36A74EF6-45FE-3620-8FE1-2B7A4F6874AA}
	EndGlobalSection
	GlobalSection(ExtensibilityAddIns) = postSolution
	EndGlobalSection
EndGlobal
